
Microsoft Visual Studio Solution File, Format Version 12.00
# Visual Studio Version 17
VisualStudioVersion = 17.8.34309.116
MinimumVisualStudioVersion = 10.0.40219.1
Project("{8BC9CEB8-8B4A-11D0-8D11-00A0C91BC942}") = "student", "student\student.vcxproj", "{937C8A48-31AC-428B-9052-047D954843B2}"
EndProject
Global
	GlobalSection(SolutionConfigurationPlatforms) = preSolution
		Debug|x64 = Debug|x64
		Debug|x86 = Debug|x86
		Release|x64 = Release|x64
		Release|x86 = Release|x86
	EndGlobalSection
	GlobalSection(ProjectConfigurationPlatforms) = postSolution
		{937C8A48-31AC-428B-9052-047D954843B2}.Debug|x64.ActiveCfg = Debug|x64
		{937C8A48-31AC-428B-9052-047D954843B2}.Debug|x64.Build.0 = Debug|x64
		{937C8A48-31AC-428B-9052-047D954843B2}.Debug|x86.ActiveCfg = Debug|Win32
		{937C8A48-31AC-428B-9052-047D954843B2}.Debug|x86.Build.0 = Debug|Win32
		{937C8A48-31AC-428B-9052-047D954843B2}.Release|x64.ActiveCfg = Release|x64
		{937C8A48-31AC-428B-9052-047D954843B2}.Release|x64.Build.0 = Release|x64
		{937C8A48-31AC-428B-9052-047D954843B2}.Release|x86.ActiveCfg = Release|Win32
		{937C8A48-31AC-428B-9052-047D954843B2}.Release|x86.Build.0 = Release|Win32
	EndGlobalSection
	GlobalSection(SolutionProperties) = preSolution
		HideSolutionNode = FALSE
	EndGlobalSection
	GlobalSection(ExtensibilityGlobals) = postSolution
		SolutionGuid = {C4E3A4DD-7D2E-48AF-A7B2-2EE3B2F9F0C8}
	EndGlobalSection
EndGlobal
